# Source-only wheel packaging tools; never installed into the serving environment.
setuptools==80.9.0 --hash=sha256:062d34222ad13e0cc312a4c02d73f059e86a4acbfbdea8f8f76b28c99f306922
wheel==0.45.1 --hash=sha256:708e7481cc80179af0e556bbf0cc00b8444c7321e2700b8d8580231d13017248
setuptools-scm==8.3.1 --hash=sha256:332ca0d43791b818b841213e76b1971b7711a960761c5bea5fc5cdb5196fbce3
packaging==25.0 --hash=sha256:29572ef2b1f17581046b3a2227d5c611fb25ec70ca1ba8554b24b0e69331a484
